
Microsoft Visual Studio Solution File, Format Version 12.00
# Visual Studio 15
VisualStudioVersion = 15.0.28010.2048
MinimumVisualStudioVersion = 10.0.40219.1
Project("{9A19103F-16F7-4668-BE54-9A1E7A4F7556}") = "ArangoDB.VelocyPack", "ArangoDB.VelocyPack\ArangoDB.VelocyPack.csproj", "{865FBE7C-DA93-44C7-B8A1-BE250E5CFD1F}"
EndProject
Project("{9A19103F-16F7-4668-BE54-9A1E7A4F7556}") = "ArangoDB.VelocyPack.Test", "ArangoDB.VelocyPack.Test\ArangoDB.VelocyPack.Test.csproj", "{04ECFA80-B770-4EF8-B62A-E24A44B2C61D}"
EndProject
Global
	GlobalSection(SolutionConfigurationPlatforms) = preSolution
		Debug|Any CPU = Debug|Any CPU
		Release|Any CPU = Release|Any CPU
	EndGlobalSection
	GlobalSection(ProjectConfigurationPlatforms) = postSolution
		{865FBE7C-DA93-44C7-B8A1-BE250E5CFD1F}.Debug|Any CPU.ActiveCfg = Debug|Any CPU
		{865FBE7C-DA93-44C7-B8A1-BE250E5CFD1F}.Debug|Any CPU.Build.0 = Debug|Any CPU
		{865FBE7C-DA93-44C7-B8A1-BE250E5CFD1F}.Release|Any CPU.ActiveCfg = Release|Any CPU
		{865FBE7C-DA93-44C7-B8A1-BE250E5CFD1F}.Release|Any CPU.Build.0 = Release|Any CPU
		{04ECFA80-B770-4EF8-B62A-E24A44B2C61D}.Debug|Any CPU.ActiveCfg = Debug|Any CPU
		{04ECFA80-B770-4EF8-B62A-E24A44B2C61D}.Debug|Any CPU.Build.0 = Debug|Any CPU
		{04ECFA80-B770-4EF8-B62A-E24A44B2C61D}.Release|Any CPU.ActiveCfg = Release|Any CPU
		{04ECFA80-B770-4EF8-B62A-E24A44B2C61D}.Release|Any CPU.Build.0 = Release|Any CPU
	EndGlobalSection
	GlobalSection(SolutionProperties) = preSolution
		HideSolutionNode = FALSE
	EndGlobalSection
	GlobalSection(ExtensibilityGlobals) = postSolution
		SolutionGuid = {CFA6D970-9B14-40DB-A0AF-687C8EBA8C8D}
	EndGlobalSection
EndGlobal
